// !$*UTF8*$!
{
	archiveVersion = 1;
	classes = {
	};
	objectVersion = 48;
	objects = {

/* Begin PBXBuildFile section */
		354BA7A320E6599700EF1D9D /* MapViewController.swift in Sources */ = {isa = PBXBuildFile; fileRef = 354BA7A220E6599700EF1D9D /* MapViewController.swift */; };
		356AFE3520CAB28F000D9BC1 /* AppDelegate.swift in Sources */ = {isa = PBXBuildFile; fileRef = 356AFE3420CAB28F000D9BC1 /* AppDelegate.swift */; };
		356AFE3720CAB28F000D9BC1 /* ViewController.swift in Sources */ = {isa = PBXBuildFile; fileRef = 356AFE3620CAB28F000D9BC1 /* ViewController.swift */; };
		356AFE3A20CAB28F000D9BC1 /* View.storyboard in Resources */ = {isa = PBXBuildFile; fileRef = 356AFE3820CAB28F000D9BC1 /* View.storyboard */; };
		356AFE3D20CAB28F000D9BC1 /* Weinbergapp.xcdatamodeld in Sources */ = {isa = PBXBuildFile; fileRef = 356AFE3B20CAB28F000D9BC1 /* Weinbergapp.xcdatamodeld */; };
		356AFE4220CAB28F000D9BC1 /* LaunchScreen.storyboard in Resources */ = {isa = PBXBuildFile; fileRef = 356AFE4020CAB28F000D9BC1 /* LaunchScreen.storyboard */; };
		356AFE4D20CAB28F000D9BC1 /* WeinbergappTests.swift in Sources */ = {isa = PBXBuildFile; fileRef = 356AFE4C20CAB28F000D9BC1 /* WeinbergappTests.swift */; };
		356AFE5820CAB28F000D9BC1 /* WeinbergappUITests.swift in Sources */ = {isa = PBXBuildFile; fileRef = 356AFE5720CAB28F000D9BC1 /* WeinbergappUITests.swift */; };
		358B65D720E4ED8000640347 /* OperationTableViewCell.swift in Sources */ = {isa = PBXBuildFile; fileRef = 358B65D620E4ED8000640347 /* OperationTableViewCell.swift */; };
		358B65D920E4F22000640347 /* OperationsTableViewController.swift in Sources */ = {isa = PBXBuildFile; fileRef = 358B65D820E4F22000640347 /* OperationsTableViewController.swift */; };
		358B65DB20E4F39B00640347 /* Operation.swift in Sources */ = {isa = PBXBuildFile; fileRef = 358B65DA20E4F39B00640347 /* Operation.swift */; };
		359977E220F8AAD1005664CB /* Assets.xcassets in Resources */ = {isa = PBXBuildFile; fileRef = 359977E120F8AAD0005664CB /* Assets.xcassets */; };
		35C0DE4820E65D7C00C31C78 /* Vintage.swift in Sources */ = {isa = PBXBuildFile; fileRef = 35C0DE4720E65D7C00C31C78 /* Vintage.swift */; };
		35C0DE4A20E65DCA00C31C78 /* VintageExecution.swift in Sources */ = {isa = PBXBuildFile; fileRef = 35C0DE4920E65DCA00C31C78 /* VintageExecution.swift */; };
		35FCD6B920E506EB002936D6 /* MapKit.framework in Frameworks */ = {isa = PBXBuildFile; fileRef = 35FCD6B820E506EB002936D6 /* MapKit.framework */; };
		940155F420FCC96A006E36D9 /* PlantProtection.swift in Sources */ = {isa = PBXBuildFile; fileRef = 940155F320FCC96A006E36D9 /* PlantProtection.swift */; };
		940155F620FCC992006E36D9 /* PlantProtectionTreatmentSchedule.swift in Sources */ = {isa = PBXBuildFile; fileRef = 940155F520FCC992006E36D9 /* PlantProtectionTreatmentSchedule.swift */; };
		940477A620F9E7290049CDB5 /* FertilizationViewController.swift in Sources */ = {isa = PBXBuildFile; fileRef = 940477A520F9E7290049CDB5 /* FertilizationViewController.swift */; };
		940477A920F9E7420049CDB5 /* AddFertilizationViewController.swift in Sources */ = {isa = PBXBuildFile; fileRef = 940477A820F9E7420049CDB5 /* AddFertilizationViewController.swift */; };
		940477AB20F9E8320049CDB5 /* Fertilization.swift in Sources */ = {isa = PBXBuildFile; fileRef = 940477AA20F9E8320049CDB5 /* Fertilization.swift */; };
		940477AD20F9E9030049CDB5 /* DefoliationViewController.swift in Sources */ = {isa = PBXBuildFile; fileRef = 940477AC20F9E9030049CDB5 /* DefoliationViewController.swift */; };
		940477AF20F9E9120049CDB5 /* AddDefoliationViewController.swift in Sources */ = {isa = PBXBuildFile; fileRef = 940477AE20F9E9120049CDB5 /* AddDefoliationViewController.swift */; };
		940477B120F9E9200049CDB5 /* PlantProtectionViewController.swift in Sources */ = {isa = PBXBuildFile; fileRef = 940477B020F9E9200049CDB5 /* PlantProtectionViewController.swift */; };
		940477B320F9E92B0049CDB5 /* AddPlantProtectionViewController.swift in Sources */ = {isa = PBXBuildFile; fileRef = 940477B220F9E92B0049CDB5 /* AddPlantProtectionViewController.swift */; };
		940477B520F9E93A0049CDB5 /* VintageViewController.swift in Sources */ = {isa = PBXBuildFile; fileRef = 940477B420F9E93A0049CDB5 /* VintageViewController.swift */; };
		940477B720F9E9450049CDB5 /* AddVintageViewController.swift in Sources */ = {isa = PBXBuildFile; fileRef = 940477B620F9E9450049CDB5 /* AddVintageViewController.swift */; };
		9450659B20FA3A8000758D8C /* Defoliation.swift in Sources */ = {isa = PBXBuildFile; fileRef = 9450659A20FA3A8000758D8C /* Defoliation.swift */; };
		9450659F20FB445F00758D8C /* SwitchListViewController.swift in Sources */ = {isa = PBXBuildFile; fileRef = 9450659E20FB445F00758D8C /* SwitchListViewController.swift */; };
		945065A120FB445F00758D8C /* SwitchListTableViewCell.swift in Sources */ = {isa = PBXBuildFile; fileRef = 945065A020FB445F00758D8C /* SwitchListTableViewCell.swift */; };
		945F08292100850C00F55C44 /* Fertilizer.swift in Sources */ = {isa = PBXBuildFile; fileRef = 945F08282100850C00F55C44 /* Fertilizer.swift */; };
		945F082B2100851F00F55C44 /* MineralFertilizer.swift in Sources */ = {isa = PBXBuildFile; fileRef = 945F082A2100851F00F55C44 /* MineralFertilizer.swift */; };
		945F082D2100852F00F55C44 /* OrganicFertilizer.swift in Sources */ = {isa = PBXBuildFile; fileRef = 945F082C2100852F00F55C44 /* OrganicFertilizer.swift */; };
/* End PBXBuildFile section */

/* Begin PBXContainerItemProxy section */
		356AFE4920CAB28F000D9BC1 /* PBXContainerItemProxy */ = {
			isa = PBXContainerItemProxy;
			containerPortal = 356AFE2920CAB28F000D9BC1 /* Project object */;
			proxyType = 1;
			remoteGlobalIDString = 356AFE3020CAB28F000D9BC1;
			remoteInfo = Weinbergapp;
		};
		356AFE5420CAB28F000D9BC1 /* PBXContainerItemProxy */ = {
			isa = PBXContainerItemProxy;
			containerPortal = 356AFE2920CAB28F000D9BC1 /* Project object */;
			proxyType = 1;
			remoteGlobalIDString = 356AFE3020CAB28F000D9BC1;
			remoteInfo = Weinbergapp;
		};
/* End PBXContainerItemProxy section */

/* Begin PBXFileReference section */
		354BA7A220E6599700EF1D9D /* MapViewController.swift */ = {isa = PBXFileReference; lastKnownFileType = sourcecode.swift; path = MapViewController.swift; sourceTree = "<group>"; };
		356AFE3120CAB28F000D9BC1 /* Weinbergapp.app */ = {isa = PBXFileReference; explicitFileType = wrapper.application; includeInIndex = 0; path = Weinbergapp.app; sourceTree = BUILT_PRODUCTS_DIR; };
		356AFE3420CAB28F000D9BC1 /* AppDelegate.swift */ = {isa = PBXFileReference; lastKnownFileType = sourcecode.swift; path = AppDelegate.swift; sourceTree = "<group>"; };
		356AFE3620CAB28F000D9BC1 /* ViewController.swift */ = {isa = PBXFileReference; lastKnownFileType = sourcecode.swift; path = ViewController.swift; sourceTree = "<group>"; };
		356AFE3920CAB28F000D9BC1 /* Base */ = {isa = PBXFileReference; lastKnownFileType = file.storyboard; name = Base; path = Base.lproj/View.storyboard; sourceTree = "<group>"; };
		356AFE3C20CAB28F000D9BC1 /* Weinbergapp.xcdatamodel */ = {isa = PBXFileReference; lastKnownFileType = wrapper.xcdatamodel; path = Weinbergapp.xcdatamodel; sourceTree = "<group>"; };
		356AFE4120CAB28F000D9BC1 /* Base */ = {isa = PBXFileReference; lastKnownFileType = file.storyboard; name = Base; path = Base.lproj/LaunchScreen.storyboard; sourceTree = "<group>"; };
		356AFE4320CAB28F000D9BC1 /* Info.plist */ = {isa = PBXFileReference; lastKnownFileType = text.plist.xml; path = Info.plist; sourceTree = "<group>"; };
		356AFE4820CAB28F000D9BC1 /* WeinbergappTests.xctest */ = {isa = PBXFileReference; explicitFileType = wrapper.cfbundle; includeInIndex = 0; path = WeinbergappTests.xctest; sourceTree = BUILT_PRODUCTS_DIR; };
		356AFE4C20CAB28F000D9BC1 /* WeinbergappTests.swift */ = {isa = PBXFileReference; lastKnownFileType = sourcecode.swift; path = WeinbergappTests.swift; sourceTree = "<group>"; };
		356AFE4E20CAB28F000D9BC1 /* Info.plist */ = {isa = PBXFileReference; lastKnownFileType = text.plist.xml; path = Info.plist; sourceTree = "<group>"; };
		356AFE5320CAB28F000D9BC1 /* WeinbergappUITests.xctest */ = {isa = PBXFileReference; explicitFileType = wrapper.cfbundle; includeInIndex = 0; path = WeinbergappUITests.xctest; sourceTree = BUILT_PRODUCTS_DIR; };
		356AFE5720CAB28F000D9BC1 /* WeinbergappUITests.swift */ = {isa = PBXFileReference; lastKnownFileType = sourcecode.swift; path = WeinbergappUITests.swift; sourceTree = "<group>"; };
		356AFE5920CAB28F000D9BC1 /* Info.plist */ = {isa = PBXFileReference; lastKnownFileType = text.plist.xml; path = Info.plist; sourceTree = "<group>"; };
		358B65D620E4ED8000640347 /* OperationTableViewCell.swift */ = {isa = PBXFileReference; lastKnownFileType = sourcecode.swift; path = OperationTableViewCell.swift; sourceTree = "<group>"; };
		358B65D820E4F22000640347 /* OperationsTableViewController.swift */ = {isa = PBXFileReference; lastKnownFileType = sourcecode.swift; path = OperationsTableViewController.swift; sourceTree = "<group>"; };
		358B65DA20E4F39B00640347 /* Operation.swift */ = {isa = PBXFileReference; lastKnownFileType = sourcecode.swift; path = Operation.swift; sourceTree = "<group>"; };
		359977E120F8AAD0005664CB /* Assets.xcassets */ = {isa = PBXFileReference; lastKnownFileType = folder.assetcatalog; path = Assets.xcassets; sourceTree = "<group>"; };
		35C0DE4720E65D7C00C31C78 /* Vintage.swift */ = {isa = PBXFileReference; lastKnownFileType = sourcecode.swift; path = Vintage.swift; sourceTree = "<group>"; };
		35C0DE4920E65DCA00C31C78 /* VintageExecution.swift */ = {isa = PBXFileReference; lastKnownFileType = sourcecode.swift; path = VintageExecution.swift; sourceTree = "<group>"; };
		35FCD6B820E506EB002936D6 /* MapKit.framework */ = {isa = PBXFileReference; lastKnownFileType = wrapper.framework; name = MapKit.framework; path = System/Library/Frameworks/MapKit.framework; sourceTree = SDKROOT; };
		940155F320FCC96A006E36D9 /* PlantProtection.swift */ = {isa = PBXFileReference; lastKnownFileType = sourcecode.swift; path = PlantProtection.swift; sourceTree = "<group>"; };
		940155F520FCC992006E36D9 /* PlantProtectionTreatmentSchedule.swift */ = {isa = PBXFileReference; lastKnownFileType = sourcecode.swift; path = PlantProtectionTreatmentSchedule.swift; sourceTree = "<group>"; };
		940477A520F9E7290049CDB5 /* FertilizationViewController.swift */ = {isa = PBXFileReference; lastKnownFileType = sourcecode.swift; path = FertilizationViewController.swift; sourceTree = "<group>"; };
		940477A820F9E7420049CDB5 /* AddFertilizationViewController.swift */ = {isa = PBXFileReference; lastKnownFileType = sourcecode.swift; path = AddFertilizationViewController.swift; sourceTree = "<group>"; };
		940477AA20F9E8320049CDB5 /* Fertilization.swift */ = {isa = PBXFileReference; lastKnownFileType = sourcecode.swift; path = Fertilization.swift; sourceTree = "<group>"; };
		940477AC20F9E9030049CDB5 /* DefoliationViewController.swift */ = {isa = PBXFileReference; lastKnownFileType = sourcecode.swift; path = DefoliationViewController.swift; sourceTree = "<group>"; };
		940477AE20F9E9120049CDB5 /* AddDefoliationViewController.swift */ = {isa = PBXFileReference; lastKnownFileType = sourcecode.swift; path = AddDefoliationViewController.swift; sourceTree = "<group>"; };
		940477B020F9E9200049CDB5 /* PlantProtectionViewController.swift */ = {isa = PBXFileReference; lastKnownFileType = sourcecode.swift; path = PlantProtectionViewController.swift; sourceTree = "<group>"; };
		940477B220F9E92B0049CDB5 /* AddPlantProtectionViewController.swift */ = {isa = PBXFileReference; lastKnownFileType = sourcecode.swift; path = AddPlantProtectionViewController.swift; sourceTree = "<group>"; };
		940477B420F9E93A0049CDB5 /* VintageViewController.swift */ = {isa = PBXFileReference; lastKnownFileType = sourcecode.swift; path = VintageViewController.swift; sourceTree = "<group>"; };
		940477B620F9E9450049CDB5 /* AddVintageViewController.swift */ = {isa = PBXFileReference; lastKnownFileType = sourcecode.swift; path = AddVintageViewController.swift; sourceTree = "<group>"; };
		9450659A20FA3A8000758D8C /* Defoliation.swift */ = {isa = PBXFileReference; lastKnownFileType = sourcecode.swift; path = Defoliation.swift; sourceTree = "<group>"; };
		9450659E20FB445F00758D8C /* SwitchListViewController.swift */ = {isa = PBXFileReference; lastKnownFileType = sourcecode.swift; path = SwitchListViewController.swift; sourceTree = "<group>"; };
		945065A020FB445F00758D8C /* SwitchListTableViewCell.swift */ = {isa = PBXFileReference; lastKnownFileType = sourcecode.swift; path = SwitchListTableViewCell.swift; sourceTree = "<group>"; };
		945F08282100850C00F55C44 /* Fertilizer.swift */ = {isa = PBXFileReference; lastKnownFileType = sourcecode.swift; path = Fertilizer.swift; sourceTree = "<group>"; };
		945F082A2100851F00F55C44 /* MineralFertilizer.swift */ = {isa = PBXFileReference; lastKnownFileType = sourcecode.swift; path = MineralFertilizer.swift; sourceTree = "<group>"; };
		945F082C2100852F00F55C44 /* OrganicFertilizer.swift */ = {isa = PBXFileReference; lastKnownFileType = sourcecode.swift; path = OrganicFertilizer.swift; sourceTree = "<group>"; };
/* End PBXFileReference section */

/* Begin PBXFrameworksBuildPhase section */
		356AFE2E20CAB28F000D9BC1 /* Frameworks */ = {
			isa = PBXFrameworksBuildPhase;
			buildActionMask = 2147483647;
			files = (
				35FCD6B920E506EB002936D6 /* MapKit.framework in Frameworks */,
			);
			runOnlyForDeploymentPostprocessing = 0;
		};
		356AFE4520CAB28F000D9BC1 /* Frameworks */ = {
			isa = PBXFrameworksBuildPhase;
			buildActionMask = 2147483647;
			files = (
			);
			runOnlyForDeploymentPostprocessing = 0;
		};
		356AFE5020CAB28F000D9BC1 /* Frameworks */ = {
			isa = PBXFrameworksBuildPhase;
			buildActionMask = 2147483647;
			files = (
			);
			runOnlyForDeploymentPostprocessing = 0;
		};
/* End PBXFrameworksBuildPhase section */

/* Begin PBXGroup section */
		356AFE2820CAB28F000D9BC1 = {
			isa = PBXGroup;
			children = (
				356AFE3320CAB28F000D9BC1 /* Weinbergapp */,
				356AFE4B20CAB28F000D9BC1 /* WeinbergappTests */,
				356AFE5620CAB28F000D9BC1 /* WeinbergappUITests */,
				356AFE3220CAB28F000D9BC1 /* Products */,
				35FCD6B720E506EB002936D6 /* Frameworks */,
			);
			sourceTree = "<group>";
		};
		356AFE3220CAB28F000D9BC1 /* Products */ = {
			isa = PBXGroup;
			children = (
				356AFE3120CAB28F000D9BC1 /* Weinbergapp.app */,
				356AFE4820CAB28F000D9BC1 /* WeinbergappTests.xctest */,
				356AFE5320CAB28F000D9BC1 /* WeinbergappUITests.xctest */,
			);
			name = Products;
			sourceTree = "<group>";
		};
		356AFE3320CAB28F000D9BC1 /* Weinbergapp */ = {
			isa = PBXGroup;
			children = (
				35C0DE4320E65BE500C31C78 /* Model */,
				356AFE3820CAB28F000D9BC1 /* View.storyboard */,
				940155F720FCCEFB006E36D9 /* Controller */,
				356AFE3420CAB28F000D9BC1 /* AppDelegate.swift */,
				356AFE3620CAB28F000D9BC1 /* ViewController.swift */,
				359977E120F8AAD0005664CB /* Assets.xcassets */,
				356AFE4020CAB28F000D9BC1 /* LaunchScreen.storyboard */,
				356AFE4320CAB28F000D9BC1 /* Info.plist */,
				356AFE3B20CAB28F000D9BC1 /* Weinbergapp.xcdatamodeld */,
			);
			path = Weinbergapp;
			sourceTree = "<group>";
		};
		356AFE4B20CAB28F000D9BC1 /* WeinbergappTests */ = {
			isa = PBXGroup;
			children = (
				356AFE4C20CAB28F000D9BC1 /* WeinbergappTests.swift */,
				356AFE4E20CAB28F000D9BC1 /* Info.plist */,
			);
			path = WeinbergappTests;
			sourceTree = "<group>";
		};
		356AFE5620CAB28F000D9BC1 /* WeinbergappUITests */ = {
			isa = PBXGroup;
			children = (
				356AFE5720CAB28F000D9BC1 /* WeinbergappUITests.swift */,
				356AFE5920CAB28F000D9BC1 /* Info.plist */,
			);
			path = WeinbergappUITests;
			sourceTree = "<group>";
		};
		35C0DE4320E65BE500C31C78 /* Model */ = {
			isa = PBXGroup;
			children = (
				9401561C20FCCFF3006E36D9 /* Map */,
				940155F820FCCF0A006E36D9 /* Operations */,
			);
			path = Model;
			sourceTree = "<group>";
		};
		35C0DE4420E65C0000C31C78 /* Operations */ = {
			isa = PBXGroup;
			children = (
				940477A120F9E6290049CDB5 /* Fertilization */,
				940477A220F9E6BE0049CDB5 /* Defoliation */,
				940477A320F9E6DC0049CDB5 /* PlantProtection */,
				940477A420F9E6E30049CDB5 /* Vintage */,
				358B65D820E4F22000640347 /* OperationsTableViewController.swift */,
				358B65D620E4ED8000640347 /* OperationTableViewCell.swift */,
				358B65DA20E4F39B00640347 /* Operation.swift */,
			);
			path = Operations;
			sourceTree = "<group>";
		};
		35FCD6B720E506EB002936D6 /* Frameworks */ = {
			isa = PBXGroup;
			children = (
				35FCD6B820E506EB002936D6 /* MapKit.framework */,
			);
			name = Frameworks;
			sourceTree = "<group>";
		};
		940155F720FCCEFB006E36D9 /* Controller */ = {
			isa = PBXGroup;
			children = (
				940155FD20FCCF52006E36D9 /* Map */,
				35C0DE4420E65C0000C31C78 /* Operations */,
			);
			path = Controller;
			sourceTree = "<group>";
		};
		940155F820FCCF0A006E36D9 /* Operations */ = {
			isa = PBXGroup;
			children = (
				940155F920FCCF1B006E36D9 /* Fertilization */,
				940155FA20FCCF27006E36D9 /* Defoliation */,
				940155FB20FCCF2C006E36D9 /* PlantProtection */,
				940155FC20FCCF32006E36D9 /* Vintage */,
			);
			path = Operations;
			sourceTree = "<group>";
		};
		940155F920FCCF1B006E36D9 /* Fertilization */ = {
			isa = PBXGroup;
			children = (
				940477AA20F9E8320049CDB5 /* Fertilization.swift */,
				945F08282100850C00F55C44 /* Fertilizer.swift */,
				945F082A2100851F00F55C44 /* MineralFertilizer.swift */,
				945F082C2100852F00F55C44 /* OrganicFertilizer.swift */,
			);
			path = Fertilization;
			sourceTree = "<group>";
		};
		940155FA20FCCF27006E36D9 /* Defoliation */ = {
			isa = PBXGroup;
			children = (
				9450659A20FA3A8000758D8C /* Defoliation.swift */,
			);
			path = Defoliation;
			sourceTree = "<group>";
		};
		940155FB20FCCF2C006E36D9 /* PlantProtection */ = {
			isa = PBXGroup;
			children = (
				940155F320FCC96A006E36D9 /* PlantProtection.swift */,
				940155F520FCC992006E36D9 /* PlantProtectionTreatmentSchedule.swift */,
			);
			path = PlantProtection;
			sourceTree = "<group>";
		};
		940155FC20FCCF32006E36D9 /* Vintage */ = {
			isa = PBXGroup;
			children = (
				35C0DE4720E65D7C00C31C78 /* Vintage.swift */,
				35C0DE4920E65DCA00C31C78 /* VintageExecution.swift */,
			);
			path = Vintage;
			sourceTree = "<group>";
		};
		940155FD20FCCF52006E36D9 /* Map */ = {
			isa = PBXGroup;
			children = (
				354BA7A220E6599700EF1D9D /* MapViewController.swift */,
			);
			path = Map;
			sourceTree = "<group>";
		};
		9401561C20FCCFF3006E36D9 /* Map */ = {
			isa = PBXGroup;
			children = (
			);
			path = Map;
			sourceTree = "<group>";
		};
		940477A120F9E6290049CDB5 /* Fertilization */ = {
			isa = PBXGroup;
			children = (
				940477A520F9E7290049CDB5 /* FertilizationViewController.swift */,
				940477A820F9E7420049CDB5 /* AddFertilizationViewController.swift */,
			);
			path = Fertilization;
			sourceTree = "<group>";
		};
		940477A220F9E6BE0049CDB5 /* Defoliation */ = {
			isa = PBXGroup;
			children = (
				940477AC20F9E9030049CDB5 /* DefoliationViewController.swift */,
				940477AE20F9E9120049CDB5 /* AddDefoliationViewController.swift */,
			);
			path = Defoliation;
			sourceTree = "<group>";
		};
		940477A320F9E6DC0049CDB5 /* PlantProtection */ = {
			isa = PBXGroup;
			children = (
				940477B020F9E9200049CDB5 /* PlantProtectionViewController.swift */,
				940477B220F9E92B0049CDB5 /* AddPlantProtectionViewController.swift */,
				9450659E20FB445F00758D8C /* SwitchListViewController.swift */,
				945065A020FB445F00758D8C /* SwitchListTableViewCell.swift */,
			);
			path = PlantProtection;
			sourceTree = "<group>";
		};
		940477A420F9E6E30049CDB5 /* Vintage */ = {
			isa = PBXGroup;
			children = (
				940477B420F9E93A0049CDB5 /* VintageViewController.swift */,
				940477B620F9E9450049CDB5 /* AddVintageViewController.swift */,
			);
			path = Vintage;
			sourceTree = "<group>";
		};
/* End PBXGroup section */

/* Begin PBXNativeTarget section */
		356AFE3020CAB28F000D9BC1 /* Weinbergapp */ = {
			isa = PBXNativeTarget;
			buildConfigurationList = 356AFE5C20CAB290000D9BC1 /* Build configuration list for PBXNativeTarget "Weinbergapp" */;
			buildPhases = (
				356AFE2D20CAB28F000D9BC1 /* Sources */,
				356AFE2E20CAB28F000D9BC1 /* Frameworks */,
				356AFE2F20CAB28F000D9BC1 /* Resources */,
			);
			buildRules = (
			);
			dependencies = (
			);
			name = Weinbergapp;
			productName = Weinbergapp;
			productReference = 356AFE3120CAB28F000D9BC1 /* Weinbergapp.app */;
			productType = "com.apple.product-type.application";
		};
		356AFE4720CAB28F000D9BC1 /* WeinbergappTests */ = {
			isa = PBXNativeTarget;
			buildConfigurationList = 356AFE5F20CAB290000D9BC1 /* Build configuration list for PBXNativeTarget "WeinbergappTests" */;
			buildPhases = (
				356AFE4420CAB28F000D9BC1 /* Sources */,
				356AFE4520CAB28F000D9BC1 /* Frameworks */,
				356AFE4620CAB28F000D9BC1 /* Resources */,
			);
			buildRules = (
			);
			dependencies = (
				356AFE4A20CAB28F000D9BC1 /* PBXTargetDependency */,
			);
			name = WeinbergappTests;
			productName = WeinbergappTests;
			productReference = 356AFE4820CAB28F000D9BC1 /* WeinbergappTests.xctest */;
			productType = "com.apple.product-type.bundle.unit-test";
		};
		356AFE5220CAB28F000D9BC1 /* WeinbergappUITests */ = {
			isa = PBXNativeTarget;
			buildConfigurationList = 356AFE6220CAB290000D9BC1 /* Build configuration list for PBXNativeTarget "WeinbergappUITests" */;
			buildPhases = (
				356AFE4F20CAB28F000D9BC1 /* Sources */,
				356AFE5020CAB28F000D9BC1 /* Frameworks */,
				356AFE5120CAB28F000D9BC1 /* Resources */,
			);
			buildRules = (
			);
			dependencies = (
				356AFE5520CAB28F000D9BC1 /* PBXTargetDependency */,
			);
			name = WeinbergappUITests;
			productName = WeinbergappUITests;
			productReference = 356AFE5320CAB28F000D9BC1 /* WeinbergappUITests.xctest */;
			productType = "com.apple.product-type.bundle.ui-testing";
		};
/* End PBXNativeTarget section */

/* Begin PBXProject section */
		356AFE2920CAB28F000D9BC1 /* Project object */ = {
			isa = PBXProject;
			attributes = {
				LastSwiftUpdateCheck = 0920;
				LastUpgradeCheck = 0940;
				ORGANIZATIONNAME = "TH Bingen";
				TargetAttributes = {
					356AFE3020CAB28F000D9BC1 = {
						CreatedOnToolsVersion = 9.2;
						ProvisioningStyle = Automatic;
						SystemCapabilities = {
							com.apple.BackgroundModes = {
								enabled = 1;
							};
							com.apple.Maps.iOS = {
								enabled = 1;
							};
						};
					};
					356AFE4720CAB28F000D9BC1 = {
						CreatedOnToolsVersion = 9.2;
						ProvisioningStyle = Automatic;
						TestTargetID = 356AFE3020CAB28F000D9BC1;
					};
					356AFE5220CAB28F000D9BC1 = {
						CreatedOnToolsVersion = 9.2;
						ProvisioningStyle = Automatic;
						TestTargetID = 356AFE3020CAB28F000D9BC1;
					};
				};
			};
			buildConfigurationList = 356AFE2C20CAB28F000D9BC1 /* Build configuration list for PBXProject "Weinbergapp" */;
			compatibilityVersion = "Xcode 8.0";
			developmentRegion = en;
			hasScannedForEncodings = 0;
			knownRegions = (
				en,
				Base,
			);
			mainGroup = 356AFE2820CAB28F000D9BC1;
			productRefGroup = 356AFE3220CAB28F000D9BC1 /* Products */;
			projectDirPath = "";
			projectRoot = "";
			targets = (
				356AFE3020CAB28F000D9BC1 /* Weinbergapp */,
				356AFE4720CAB28F000D9BC1 /* WeinbergappTests */,
				356AFE5220CAB28F000D9BC1 /* WeinbergappUITests */,
			);
		};
/* End PBXProject section */

/* Begin PBXResourcesBuildPhase section */
		356AFE2F20CAB28F000D9BC1 /* Resources */ = {
			isa = PBXResourcesBuildPhase;
			buildActionMask = 2147483647;
			files = (
				356AFE4220CAB28F000D9BC1 /* LaunchScreen.storyboard in Resources */,
				359977E220F8AAD1005664CB /* Assets.xcassets in Resources */,
				356AFE3A20CAB28F000D9BC1 /* View.storyboard in Resources */,
			);
			runOnlyForDeploymentPostprocessing = 0;
		};
		356AFE4620CAB28F000D9BC1 /* Resources */ = {
			isa = PBXResourcesBuildPhase;
			buildActionMask = 2147483647;
			files = (
			);
			runOnlyForDeploymentPostprocessing = 0;
		};
		356AFE5120CAB28F000D9BC1 /* Resources */ = {
			isa = PBXResourcesBuildPhase;
			buildActionMask = 2147483647;
			files = (
			);
			runOnlyForDeploymentPostprocessing = 0;
		};
/* End PBXResourcesBuildPhase section */

/* Begin PBXSourcesBuildPhase section */
		356AFE2D20CAB28F000D9BC1 /* Sources */ = {
			isa = PBXSourcesBuildPhase;
			buildActionMask = 2147483647;
			files = (
				35C0DE4A20E65DCA00C31C78 /* VintageExecution.swift in Sources */,
				356AFE3D20CAB28F000D9BC1 /* Weinbergapp.xcdatamodeld in Sources */,
				356AFE3720CAB28F000D9BC1 /* ViewController.swift in Sources */,
				945F082B2100851F00F55C44 /* MineralFertilizer.swift in Sources */,
				356AFE3520CAB28F000D9BC1 /* AppDelegate.swift in Sources */,
				354BA7A320E6599700EF1D9D /* MapViewController.swift in Sources */,
				358B65DB20E4F39B00640347 /* Operation.swift in Sources */,
				940477AB20F9E8320049CDB5 /* Fertilization.swift in Sources */,
				35C0DE4820E65D7C00C31C78 /* Vintage.swift in Sources */,
				945F082D2100852F00F55C44 /* OrganicFertilizer.swift in Sources */,
				940477B320F9E92B0049CDB5 /* AddPlantProtectionViewController.swift in Sources */,
				940477B120F9E9200049CDB5 /* PlantProtectionViewController.swift in Sources */,
				940477AD20F9E9030049CDB5 /* DefoliationViewController.swift in Sources */,
				945F08292100850C00F55C44 /* Fertilizer.swift in Sources */,
				940155F620FCC992006E36D9 /* PlantProtectionTreatmentSchedule.swift in Sources */,
				940477B520F9E93A0049CDB5 /* VintageViewController.swift in Sources */,
				945065A120FB445F00758D8C /* SwitchListTableViewCell.swift in Sources */,
				940477A920F9E7420049CDB5 /* AddFertilizationViewController.swift in Sources */,
				9450659B20FA3A8000758D8C /* Defoliation.swift in Sources */,
				940477B720F9E9450049CDB5 /* AddVintageViewController.swift in Sources */,
				358B65D720E4ED8000640347 /* OperationTableViewCell.swift in Sources */,
				358B65D920E4F22000640347 /* OperationsTableViewController.swift in Sources */,
				940155F420FCC96A006E36D9 /* PlantProtection.swift in Sources */,
				940477AF20F9E9120049CDB5 /* AddDefoliationViewController.swift in Sources */,
				940477A620F9E7290049CDB5 /* FertilizationViewController.swift in Sources */,
				9450659F20FB445F00758D8C /* SwitchListViewController.swift in Sources */,
			);
			runOnlyForDeploymentPostprocessing = 0;
		};
		356AFE4420CAB28F000D9BC1 /* Sources */ = {
			isa = PBXSourcesBuildPhase;
			buildActionMask = 2147483647;
			files = (
				356AFE4D20CAB28F000D9BC1 /* WeinbergappTests.swift in Sources */,
			);
			runOnlyForDeploymentPostprocessing = 0;
		};
		356AFE4F20CAB28F000D9BC1 /* Sources */ = {
			isa = PBXSourcesBuildPhase;
			buildActionMask = 2147483647;
			files = (
				356AFE5820CAB28F000D9BC1 /* WeinbergappUITests.swift in Sources */,
			);
			runOnlyForDeploymentPostprocessing = 0;
		};
/* End PBXSourcesBuildPhase section */

/* Begin PBXTargetDependency section */
		356AFE4A20CAB28F000D9BC1 /* PBXTargetDependency */ = {
			isa = PBXTargetDependency;
			target = 356AFE3020CAB28F000D9BC1 /* Weinbergapp */;
			targetProxy = 356AFE4920CAB28F000D9BC1 /* PBXContainerItemProxy */;
		};
		356AFE5520CAB28F000D9BC1 /* PBXTargetDependency */ = {
			isa = PBXTargetDependency;
			target = 356AFE3020CAB28F000D9BC1 /* Weinbergapp */;
			targetProxy = 356AFE5420CAB28F000D9BC1 /* PBXContainerItemProxy */;
		};
/* End PBXTargetDependency section */

/* Begin PBXVariantGroup section */
		356AFE3820CAB28F000D9BC1 /* View.storyboard */ = {
			isa = PBXVariantGroup;
			children = (
				356AFE3920CAB28F000D9BC1 /* Base */,
			);
			name = View.storyboard;
			sourceTree = "<group>";
		};
		356AFE4020CAB28F000D9BC1 /* LaunchScreen.storyboard */ = {
			isa = PBXVariantGroup;
			children = (
				356AFE4120CAB28F000D9BC1 /* Base */,
			);
			name = LaunchScreen.storyboard;
			sourceTree = "<group>";
		};
/* End PBXVariantGroup section */

/* Begin XCBuildConfiguration section */
		356AFE5A20CAB290000D9BC1 /* Debug */ = {
			isa = XCBuildConfiguration;
			buildSettings = {
				ALWAYS_SEARCH_USER_PATHS = NO;
				CLANG_ANALYZER_NONNULL = YES;
				CLANG_ANALYZER_NUMBER_OBJECT_CONVERSION = YES_AGGRESSIVE;
				CLANG_CXX_LANGUAGE_STANDARD = "gnu++14";
				CLANG_CXX_LIBRARY = "libc++";
				CLANG_ENABLE_MODULES = YES;
				CLANG_ENABLE_OBJC_ARC = YES;
				CLANG_WARN_BLOCK_CAPTURE_AUTORELEASING = YES;
				CLANG_WARN_BOOL_CONVERSION = YES;
				CLANG_WARN_COMMA = YES;
				CLANG_WARN_CONSTANT_CONVERSION = YES;
				CLANG_WARN_DEPRECATED_OBJC_IMPLEMENTATIONS = YES;
				CLANG_WARN_DIRECT_OBJC_ISA_USAGE = YES_ERROR;
				CLANG_WARN_DOCUMENTATION_COMMENTS = YES;
				CLANG_WARN_EMPTY_BODY = YES;
				CLANG_WARN_ENUM_CONVERSION = YES;
				CLANG_WARN_INFINITE_RECURSION = YES;
				CLANG_WARN_INT_CONVERSION = YES;
				CLANG_WARN_NON_LITERAL_NULL_CONVERSION = YES;
				CLANG_WARN_OBJC_IMPLICIT_RETAIN_SELF = YES;
				CLANG_WARN_OBJC_LITERAL_CONVERSION = YES;
				CLANG_WARN_OBJC_ROOT_CLASS = YES_ERROR;
				CLANG_WARN_RANGE_LOOP_ANALYSIS = YES;
				CLANG_WARN_STRICT_PROTOTYPES = YES;
				CLANG_WARN_SUSPICIOUS_MOVE = YES;
				CLANG_WARN_UNGUARDED_AVAILABILITY = YES_AGGRESSIVE;
				CLANG_WARN_UNREACHABLE_CODE = YES;
				CLANG_WARN__DUPLICATE_METHOD_MATCH = YES;
				CODE_SIGN_IDENTITY = "iPhone Developer";
				COPY_PHASE_STRIP = NO;
				DEBUG_INFORMATION_FORMAT = dwarf;
				ENABLE_STRICT_OBJC_MSGSEND = YES;
				ENABLE_TESTABILITY = YES;
				GCC_C_LANGUAGE_STANDARD = gnu11;
				GCC_DYNAMIC_NO_PIC = NO;
				GCC_NO_COMMON_BLOCKS = YES;
				GCC_OPTIMIZATION_LEVEL = 0;
				GCC_PREPROCESSOR_DEFINITIONS = (
					"DEBUG=1",
					"$(inherited)",
				);
				GCC_WARN_64_TO_32_BIT_CONVERSION = YES;
				GCC_WARN_ABOUT_RETURN_TYPE = YES_ERROR;
				GCC_WARN_UNDECLARED_SELECTOR = YES;
				GCC_WARN_UNINITIALIZED_AUTOS = YES_AGGRESSIVE;
				GCC_WARN_UNUSED_FUNCTION = YES;
				GCC_WARN_UNUSED_VARIABLE = YES;
				IPHONEOS_DEPLOYMENT_TARGET = 11.2;
				MTL_ENABLE_DEBUG_INFO = YES;
				ONLY_ACTIVE_ARCH = YES;
				SDKROOT = iphoneos;
				SWIFT_ACTIVE_COMPILATION_CONDITIONS = DEBUG;
				SWIFT_OPTIMIZATION_LEVEL = "-Onone";
			};
			name = Debug;
		};
		356AFE5B20CAB290000D9BC1 /* Release */ = {
			isa = XCBuildConfiguration;
			buildSettings = {
				ALWAYS_SEARCH_USER_PATHS = NO;
				CLANG_ANALYZER_NONNULL = YES;
				CLANG_ANALYZER_NUMBER_OBJECT_CONVERSION = YES_AGGRESSIVE;
				CLANG_CXX_LANGUAGE_STANDARD = "gnu++14";
				CLANG_CXX_LIBRARY = "libc++";
				CLANG_ENABLE_MODULES = YES;
				CLANG_ENABLE_OBJC_ARC = YES;
				CLANG_WARN_BLOCK_CAPTURE_AUTORELEASING = YES;
				CLANG_WARN_BOOL_CONVERSION = YES;
				CLANG_WARN_COMMA = YES;
				CLANG_WARN_CONSTANT_CONVERSION = YES;
				CLANG_WARN_DEPRECATED_OBJC_IMPLEMENTATIONS = YES;
				CLANG_WARN_DIRECT_OBJC_ISA_USAGE = YES_ERROR;
				CLANG_WARN_DOCUMENTATION_COMMENTS = YES;
				CLANG_WARN_EMPTY_BODY = YES;
				CLANG_WARN_ENUM_CONVERSION = YES;
				CLANG_WARN_INFINITE_RECURSION = YES;
				CLANG_WARN_INT_CONVERSION = YES;
				CLANG_WARN_NON_LITERAL_NULL_CONVERSION = YES;
				CLANG_WARN_OBJC_IMPLICIT_RETAIN_SELF = YES;
				CLANG_WARN_OBJC_LITERAL_CONVERSION = YES;
				CLANG_WARN_OBJC_ROOT_CLASS = YES_ERROR;
				CLANG_WARN_RANGE_LOOP_ANALYSIS = YES;
				CLANG_WARN_STRICT_PROTOTYPES = YES;
				CLANG_WARN_SUSPICIOUS_MOVE = YES;
				CLANG_WARN_UNGUARDED_AVAILABILITY = YES_AGGRESSIVE;
				CLANG_WARN_UNREACHABLE_CODE = YES;
				CLANG_WARN__DUPLICATE_METHOD_MATCH = YES;
				CODE_SIGN_IDENTITY = "iPhone Developer";
				COPY_PHASE_STRIP = NO;
				DEBUG_INFORMATION_FORMAT = "dwarf-with-dsym";
				ENABLE_NS_ASSERTIONS = NO;
				ENABLE_STRICT_OBJC_MSGSEND = YES;
				GCC_C_LANGUAGE_STANDARD = gnu11;
				GCC_NO_COMMON_BLOCKS = YES;
				GCC_WARN_64_TO_32_BIT_CONVERSION = YES;
				GCC_WARN_ABOUT_RETURN_TYPE = YES_ERROR;
				GCC_WARN_UNDECLARED_SELECTOR = YES;
				GCC_WARN_UNINITIALIZED_AUTOS = YES_AGGRESSIVE;
				GCC_WARN_UNUSED_FUNCTION = YES;
				GCC_WARN_UNUSED_VARIABLE = YES;
				IPHONEOS_DEPLOYMENT_TARGET = 11.2;
				MTL_ENABLE_DEBUG_INFO = NO;
				SDKROOT = iphoneos;
				SWIFT_OPTIMIZATION_LEVEL = "-Owholemodule";
				VALIDATE_PRODUCT = YES;
			};
			name = Release;
		};
		356AFE5D20CAB290000D9BC1 /* Debug */ = {
			isa = XCBuildConfiguration;
			buildSettings = {
				ASSETCATALOG_COMPILER_APPICON_NAME = AppIcon;
				CODE_SIGN_STYLE = Automatic;
				INFOPLIST_FILE = Weinbergapp/Info.plist;
				LD_RUNPATH_SEARCH_PATHS = "$(inherited) @executable_path/Frameworks";
				PRODUCT_BUNDLE_IDENTIFIER = org.thbingen.Weinbergapp;
				PRODUCT_NAME = "$(TARGET_NAME)";
				SWIFT_VERSION = 4.0;
				TARGETED_DEVICE_FAMILY = "1,2";
			};
			name = Debug;
		};
		356AFE5E20CAB290000D9BC1 /* Release */ = {
			isa = XCBuildConfiguration;
			buildSettings = {
				ASSETCATALOG_COMPILER_APPICON_NAME = AppIcon;
				CODE_SIGN_STYLE = Automatic;
				INFOPLIST_FILE = Weinbergapp/Info.plist;
				LD_RUNPATH_SEARCH_PATHS = "$(inherited) @executable_path/Frameworks";
				PRODUCT_BUNDLE_IDENTIFIER = org.thbingen.Weinbergapp;
				PRODUCT_NAME = "$(TARGET_NAME)";
				SWIFT_VERSION = 4.0;
				TARGETED_DEVICE_FAMILY = "1,2";
			};
			name = Release;
		};
		356AFE6020CAB290000D9BC1 /* Debug */ = {
			isa = XCBuildConfiguration;
			buildSettings = {
				ALWAYS_EMBED_SWIFT_STANDARD_LIBRARIES = YES;
				BUNDLE_LOADER = "$(TEST_HOST)";
				CODE_SIGN_STYLE = Automatic;
				INFOPLIST_FILE = WeinbergappTests/Info.plist;
				LD_RUNPATH_SEARCH_PATHS = "$(inherited) @executable_path/Frameworks @loader_path/Frameworks";
				PRODUCT_BUNDLE_IDENTIFIER = org.thbingen.WeinbergappTests;
				PRODUCT_NAME = "$(TARGET_NAME)";
				SWIFT_VERSION = 4.0;
				TARGETED_DEVICE_FAMILY = "1,2";
				TEST_HOST = "$(BUILT_PRODUCTS_DIR)/Weinbergapp.app/Weinbergapp";
			};
			name = Debug;
		};
		356AFE6120CAB290000D9BC1 /* Release */ = {
			isa = XCBuildConfiguration;
			buildSettings = {
				ALWAYS_EMBED_SWIFT_STANDARD_LIBRARIES = YES;
				BUNDLE_LOADER = "$(TEST_HOST)";
				CODE_SIGN_STYLE = Automatic;
				INFOPLIST_FILE = WeinbergappTests/Info.plist;
				LD_RUNPATH_SEARCH_PATHS = "$(inherited) @executable_path/Frameworks @loader_path/Frameworks";
				PRODUCT_BUNDLE_IDENTIFIER = org.thbingen.WeinbergappTests;
				PRODUCT_NAME = "$(TARGET_NAME)";
				SWIFT_VERSION = 4.0;
				TARGETED_DEVICE_FAMILY = "1,2";
				TEST_HOST = "$(BUILT_PRODUCTS_DIR)/Weinbergapp.app/Weinbergapp";
			};
			name = Release;
		};
		356AFE6320CAB290000D9BC1 /* Debug */ = {
			isa = XCBuildConfiguration;
			buildSettings = {
				ALWAYS_EMBED_SWIFT_STANDARD_LIBRARIES = YES;
				CODE_SIGN_STYLE = Automatic;
				INFOPLIST_FILE = WeinbergappUITests/Info.plist;
				LD_RUNPATH_SEARCH_PATHS = "$(inherited) @executable_path/Frameworks @loader_path/Frameworks";
				PRODUCT_BUNDLE_IDENTIFIER = org.thbingen.WeinbergappUITests;
				PRODUCT_NAME = "$(TARGET_NAME)";
				SWIFT_VERSION = 4.0;
				TARGETED_DEVICE_FAMILY = "1,2";
				TEST_TARGET_NAME = Weinbergapp;
			};
			name = Debug;
		};
		356AFE6420CAB290000D9BC1 /* Release */ = {
			isa = XCBuildConfiguration;
			buildSettings = {
				ALWAYS_EMBED_SWIFT_STANDARD_LIBRARIES = YES;
				CODE_SIGN_STYLE = Automatic;
				INFOPLIST_FILE = WeinbergappUITests/Info.plist;
				LD_RUNPATH_SEARCH_PATHS = "$(inherited) @executable_path/Frameworks @loader_path/Frameworks";
				PRODUCT_BUNDLE_IDENTIFIER = org.thbingen.WeinbergappUITests;
				PRODUCT_NAME = "$(TARGET_NAME)";
				SWIFT_VERSION = 4.0;
				TARGETED_DEVICE_FAMILY = "1,2";
				TEST_TARGET_NAME = Weinbergapp;
			};
			name = Release;
		};
/* End XCBuildConfiguration section */

/* Begin XCConfigurationList section */
		356AFE2C20CAB28F000D9BC1 /* Build configuration list for PBXProject "Weinbergapp" */ = {
			isa = XCConfigurationList;
			buildConfigurations = (
				356AFE5A20CAB290000D9BC1 /* Debug */,
				356AFE5B20CAB290000D9BC1 /* Release */,
			);
			defaultConfigurationIsVisible = 0;
			defaultConfigurationName = Release;
		};
		356AFE5C20CAB290000D9BC1 /* Build configuration list for PBXNativeTarget "Weinbergapp" */ = {
			isa = XCConfigurationList;
			buildConfigurations = (
				356AFE5D20CAB290000D9BC1 /* Debug */,
				356AFE5E20CAB290000D9BC1 /* Release */,
			);
			defaultConfigurationIsVisible = 0;
			defaultConfigurationName = Release;
		};
		356AFE5F20CAB290000D9BC1 /* Build configuration list for PBXNativeTarget "WeinbergappTests" */ = {
			isa = XCConfigurationList;
			buildConfigurations = (
				356AFE6020CAB290000D9BC1 /* Debug */,
				356AFE6120CAB290000D9BC1 /* Release */,
			);
			defaultConfigurationIsVisible = 0;
			defaultConfigurationName = Release;
		};
		356AFE6220CAB290000D9BC1 /* Build configuration list for PBXNativeTarget "WeinbergappUITests" */ = {
			isa = XCConfigurationList;
			buildConfigurations = (
				356AFE6320CAB290000D9BC1 /* Debug */,
				356AFE6420CAB290000D9BC1 /* Release */,
			);
			defaultConfigurationIsVisible = 0;
			defaultConfigurationName = Release;
		};
/* End XCConfigurationList section */

/* Begin XCVersionGroup section */
		356AFE3B20CAB28F000D9BC1 /* Weinbergapp.xcdatamodeld */ = {
			isa = XCVersionGroup;
			children = (
				356AFE3C20CAB28F000D9BC1 /* Weinbergapp.xcdatamodel */,
			);
			currentVersion = 356AFE3C20CAB28F000D9BC1 /* Weinbergapp.xcdatamodel */;
			path = Weinbergapp.xcdatamodeld;
			sourceTree = "<group>";
			versionGroupType = wrapper.xcdatamodel;
		};
/* End XCVersionGroup section */
	};
	rootObject = 356AFE2920CAB28F000D9BC1 /* Project object */;
}
